{
  "nodes": {
    "agenix": {
      "inputs": {
        "darwin": "darwin",
        "home-manager": "home-manager_2",
        "nixpkgs": [
          "sensenet",
          "nvidia-sdk",
          "nixpkgs"
        ],
        "systems": "systems_3"
      },
      "locked": {
        "lastModified": 1762618334,
        "narHash": "sha256-wyT7Pl6tMFbFrs8Lk/TlEs81N6L+VSybPfiIgzU8lbQ=",
        "owner": "ryantm",
        "repo": "agenix",
        "rev": "fcdea223397448d35d9b31f798479227e80183f6",
        "type": "github"
      },
      "original": {
        "owner": "ryantm",
        "repo": "agenix",
        "type": "github"
      }
    },
    "buck2-prelude": {
      "flake": false,
      "locked": {
        "lastModified": 1747422168,
        "narHash": "sha256-iO5DxMc0uBhQfCVYJ+gD4avIhqlect7QOaszyBcBtUI=",
        "owner": "weyl-ai",
        "repo": "straylight-buck2-prelude",
        "rev": "b42171bedf69b18a3c9a8e5918e96e10c196062f",
        "type": "github"
      },
      "original": {
        "owner": "weyl-ai",
        "repo": "straylight-buck2-prelude",
        "type": "github"
      }
    },
    "crane": {
      "locked": {
        "lastModified": 1771121070,
        "narHash": "sha256-aIlv7FRXF9q70DNJPI237dEDAznSKaXmL5lfK/Id/bI=",
        "owner": "ipetkov",
        "repo": "crane",
        "rev": "a2812c19f1ed2e5ed5ce2ef7109798b575c180e1",
        "type": "github"
      },
      "original": {
        "owner": "ipetkov",
        "repo": "crane",
        "type": "github"
      }
    },
    "crane_2": {
      "locked": {
        "lastModified": 1747587869,
        "narHash": "sha256-Zay3WJdSvC2VQmNqWSVLBOg/1iS/0/Q0c9JOBsB+3qw=",
        "owner": "ipetkov",
        "repo": "crane",
        "rev": "76603d32f18e0e378d9f6335c8fc286413493655",
        "type": "github"
      },
      "original": {
        "owner": "ipetkov",
        "repo": "crane",
        "type": "github"
      }
    },
    "darwin": {
      "inputs": {
        "nixpkgs": [
          "sensenet",
          "nvidia-sdk",
          "agenix",
          "nixpkgs"
        ]
      },
      "locked": {
        "lastModified": 1744478979,
        "narHash": "sha256-dyN+teG9G82G+m+PX/aSAagkC+vUv0SgUw3XkPhQodQ=",
        "owner": "lnl7",
        "repo": "nix-darwin",
        "rev": "43975d782b418ebf4969e9ccba82466728c2851b",
        "type": "github"
      },
      "original": {
        "owner": "lnl7",
        "ref": "master",
        "repo": "nix-darwin",
        "type": "github"
      }
    },
    "falsify": {
      "flake": false,
      "locked": {
        "lastModified": 1772028823,
        "narHash": "sha256-ldDV3bwLOyKqFdtHs8es+OdfA9vCsaKWURP8bei1L9k=",
        "owner": "straylight-software",
        "repo": "falsify",
        "rev": "47c81bde2cfb198f5b1e946bc782cdf4e456b5da",
        "type": "github"
      },
      "original": {
        "owner": "straylight-software",
        "ref": "more-runners",
        "repo": "falsify",
        "type": "github"
      }
    },
    "flake-compat": {
      "flake": false,
      "locked": {
        "lastModified": 1696426674,
        "narHash": "sha256-kvjfFW7WAETZlt09AgDn1MrtKzP7t90Vf7vypd3OL1U=",
        "owner": "edolstra",
        "repo": "flake-compat",
        "rev": "0f9255e01c2351cc7d116c072cb317785dd33b33",
        "type": "github"
      },
      "original": {
        "owner": "edolstra",
        "repo": "flake-compat",
        "type": "github"
      }
    },
    "flake-compat_2": {
      "flake": false,
      "locked": {
        "lastModified": 1765121682,
        "narHash": "sha256-4VBOP18BFeiPkyhy9o4ssBNQEvfvv1kXkasAYd0+rrA=",
        "owner": "edolstra",
        "repo": "flake-compat",
        "rev": "65f23138d8d09a92e30f1e5c87611b23ef451bf3",
        "type": "github"
      },
      "original": {
        "owner": "edolstra",
        "repo": "flake-compat",
        "type": "github"
      }
    },
    "flake-parts": {
      "inputs": {
        "nixpkgs-lib": [
          "nixpkgs"
        ]
      },
      "locked": {
        "lastModified": 1769996383,
        "narHash": "sha256-AnYjnFWgS49RlqX7LrC4uA+sCCDBj0Ry/WOJ5XWAsa0=",
        "owner": "hercules-ci",
        "repo": "flake-parts",
        "rev": "57928607ea566b5db3ad13af0e57e921e6b12381",
        "type": "github"
      },
      "original": {
        "owner": "hercules-ci",
        "repo": "flake-parts",
        "type": "github"
      }
    },
    "flake-parts_2": {
      "inputs": {
        "nixpkgs-lib": "nixpkgs-lib"
      },
      "locked": {
        "lastModified": 1769996383,
        "narHash": "sha256-AnYjnFWgS49RlqX7LrC4uA+sCCDBj0Ry/WOJ5XWAsa0=",
        "owner": "hercules-ci",
        "repo": "flake-parts",
        "rev": "57928607ea566b5db3ad13af0e57e921e6b12381",
        "type": "github"
      },
      "original": {
        "owner": "hercules-ci",
        "repo": "flake-parts",
        "type": "github"
      }
    },
    "flake-parts_3": {
      "inputs": {
        "nixpkgs-lib": "nixpkgs-lib_2"
      },
      "locked": {
        "lastModified": 1743550720,
        "narHash": "sha256-hIshGgKZCgWh6AYJpJmRgFdR3WUbkY04o82X05xqQiY=",
        "owner": "hercules-ci",
        "repo": "flake-parts",
        "rev": "c621e8422220273271f52058f618c94e405bb0f5",
        "type": "github"
      },
      "original": {
        "owner": "hercules-ci",
        "repo": "flake-parts",
        "type": "github"
      }
    },
    "flake-parts_4": {
      "inputs": {
        "nixpkgs-lib": "nixpkgs-lib_3"
      },
      "locked": {
        "lastModified": 1768135262,
        "narHash": "sha256-PVvu7OqHBGWN16zSi6tEmPwwHQ4rLPU9Plvs8/1TUBY=",
        "owner": "hercules-ci",
        "repo": "flake-parts",
        "rev": "80daad04eddbbf5a4d883996a73f3f542fa437ac",
        "type": "github"
      },
      "original": {
        "owner": "hercules-ci",
        "repo": "flake-parts",
        "type": "github"
      }
    },
    "flake-parts_5": {
      "inputs": {
        "nixpkgs-lib": [
          "sensenet",
          "nix2gpu",
          "nixified-ai",
          "hercules-ci-effects",
          "nixpkgs"
        ]
      },
      "locked": {
        "lastModified": 1765495779,
        "narHash": "sha256-MhA7wmo/7uogLxiewwRRmIax70g6q1U/YemqTGoFHlM=",
        "owner": "hercules-ci",
        "repo": "flake-parts",
        "rev": "5635c32d666a59ec9a55cab87e898889869f7b71",
        "type": "github"
      },
      "original": {
        "id": "flake-parts",
        "type": "indirect"
      }
    },
    "flake-parts_6": {
      "inputs": {
        "nixpkgs-lib": "nixpkgs-lib_4"
      },
      "locked": {
        "lastModified": 1767602221,
        "narHash": "sha256-wl3P4WioICNY9SEvClT4JLAWFtItk3CbFNm/FmeeWlI=",
        "owner": "hercules-ci",
        "repo": "flake-parts",
        "rev": "1e34f377e37de05071735d373b481da2508dd625",
        "type": "github"
      },
      "original": {
        "owner": "hercules-ci",
        "repo": "flake-parts",
        "type": "github"
      }
    },
    "flake-utils": {
      "inputs": {
        "systems": "systems"
      },
      "locked": {
        "lastModified": 1710146030,
        "narHash": "sha256-SZ5L6eA7HJ/nmkzGG7/ISclqe6oZdOZTNoesiInkXPQ=",
        "owner": "numtide",
        "repo": "flake-utils",
        "rev": "b1d9ab70662946ef0850d488da1c9019f3a9752a",
        "type": "github"
      },
      "original": {
        "owner": "numtide",
        "repo": "flake-utils",
        "type": "github"
      }
    },
    "ghc-source-gen-src": {
      "flake": false,
      "locked": {
        "lastModified": 1767727283,
        "narHash": "sha256-TsPEK0I5c9FYqZp0lAzQNogqEv1LPMzdjFO9EtOm/Ls=",
        "owner": "google",
        "repo": "ghc-source-gen",
        "rev": "79ecc01213131da03a7198fc377606ce72ac037a",
        "type": "github"
      },
      "original": {
        "owner": "google",
        "repo": "ghc-source-gen",
        "type": "github"
      }
    },
    "git-hooks": {
      "inputs": {
        "flake-compat": "flake-compat",
        "gitignore": "gitignore",
        "nixpkgs": [
          "sensenet",
          "nativelink",
          "nixpkgs"
        ]
      },
      "locked": {
        "lastModified": 1747372754,
        "narHash": "sha256-2Y53NGIX2vxfie1rOW0Qb86vjRZ7ngizoo+bnXU9D9k=",
        "owner": "cachix",
        "repo": "git-hooks.nix",
        "rev": "80479b6ec16fefd9c1db3ea13aeb038c60530f46",
        "type": "github"
      },
      "original": {
        "owner": "cachix",
        "repo": "git-hooks.nix",
        "type": "github"
      }
    },
    "gitignore": {
      "inputs": {
        "nixpkgs": [
          "sensenet",
          "nativelink",
          "git-hooks",
          "nixpkgs"
        ]
      },
      "locked": {
        "lastModified": 1709087332,
        "narHash": "sha256-HG2cCnktfHsKV0s4XW83gU3F57gaTljL9KNSuG6bnQs=",
        "owner": "hercules-ci",
        "repo": "gitignore.nix",
        "rev": "637db329424fd7e46cf4185293b9cc8c88c95394",
        "type": "github"
      },
      "original": {
        "owner": "hercules-ci",
        "repo": "gitignore.nix",
        "type": "github"
      }
    },
    "haskell-flake": {
      "locked": {
        "lastModified": 1771200453,
        "narHash": "sha256-uJdc/H/ldyybwD/2OgIEOa/F1G1sJHj/SPH6WzCrrR4=",
        "owner": "srid",
        "repo": "haskell-flake",
        "rev": "ce5c692d7550956bd27e42a8d101abca161d94d4",
        "type": "github"
      },
      "original": {
        "owner": "srid",
        "repo": "haskell-flake",
        "type": "github"
      }
    },
    "haskemathesis": {
      "inputs": {
        "falsify": "falsify",
        "flake-parts": [
          "flake-parts"
        ],
        "haskell-flake": "haskell-flake",
        "nixpkgs": [
          "nixpkgs"
        ],
        "treefmt-nix": [
          "treefmt-nix"
        ]
      },
      "locked": {
        "lastModified": 1772564455,
        "narHash": "sha256-0PsrVa++DD8NMHErjzAoAOO1324CxavdfBDrpxjiWzw=",
        "ref": "refs/heads/master",
        "rev": "b80572461b75d394863893f7bce6e0c7decba480",
        "revCount": 89,
        "type": "git",
        "url": "ssh://git@github.com/straylight-software/haskemathesis.git"
      },
      "original": {
        "type": "git",
        "url": "ssh://git@github.com/straylight-software/haskemathesis.git"
      }
    },
    "hercules-ci-effects": {
      "inputs": {
        "flake-parts": "flake-parts_5",
        "nixpkgs": [
          "sensenet",
          "nix2gpu",
          "nixified-ai",
          "nixpkgs"
        ]
      },
      "locked": {
        "lastModified": 1765774562,
        "narHash": "sha256-UQhfCggNGDc7eam+EittlYmeW89CZVT1KkFIHZWBH7k=",
        "owner": "hercules-ci",
        "repo": "hercules-ci-effects",
        "rev": "edcbb19948b6caf1700434e369fde6ff9e6a3c93",
        "type": "github"
      },
      "original": {
        "owner": "hercules-ci",
        "repo": "hercules-ci-effects",
        "type": "github"
      }
    },
    "home-manager": {
      "inputs": {
        "nixpkgs": [
          "sensenet",
          "nix2gpu",
          "nixpkgs"
        ]
      },
      "locked": {
        "lastModified": 1768240557,
        "narHash": "sha256-bVqJ34yMiiUQwYhjliiiN5LBH1Y+UldbIjNTCUtDdwE=",
        "owner": "nix-community",
        "repo": "home-manager",
        "rev": "b3f737e70fb9eef1d2308ea6738ffed5ae080f9b",
        "type": "github"
      },
      "original": {
        "owner": "nix-community",
        "repo": "home-manager",
        "type": "github"
      }
    },
    "home-manager_2": {
      "inputs": {
        "nixpkgs": [
          "sensenet",
          "nvidia-sdk",
          "agenix",
          "nixpkgs"
        ]
      },
      "locked": {
        "lastModified": 1745494811,
        "narHash": "sha256-YZCh2o9Ua1n9uCvrvi5pRxtuVNml8X2a03qIFfRKpFs=",
        "owner": "nix-community",
        "repo": "home-manager",
        "rev": "abfad3d2958c9e6300a883bd443512c55dfeb1be",
        "type": "github"
      },
      "original": {
        "owner": "nix-community",
        "repo": "home-manager",
        "type": "github"
      }
    },
    "import-tree": {
      "locked": {
        "lastModified": 1763762820,
        "narHash": "sha256-ZvYKbFib3AEwiNMLsejb/CWs/OL/srFQ8AogkebEPF0=",
        "owner": "vic",
        "repo": "import-tree",
        "rev": "3c23749d8013ec6daa1d7255057590e9ca726646",
        "type": "github"
      },
      "original": {
        "owner": "vic",
        "repo": "import-tree",
        "type": "github"
      }
    },
    "llvm-project": {
      "inputs": {
        "flake-parts": "flake-parts_2",
        "nixpkgs": [
          "sensenet",
          "nixpkgs"
        ]
      },
      "locked": {
        "lastModified": 1770985912,
        "narHash": "sha256-npFnR1oUizj2KvU68SR1q1Y0osnPLTFMV3dfBufiDvI=",
        "owner": "straylight-software",
        "repo": "llvm-project",
        "rev": "de0f2ce98cfa7a052680e5a482b7ae52a3534e5b",
        "type": "github"
      },
      "original": {
        "owner": "straylight-software",
        "repo": "llvm-project",
        "type": "github"
      }
    },
    "nativelink": {
      "inputs": {
        "crane": "crane_2",
        "flake-parts": "flake-parts_3",
        "git-hooks": "git-hooks",
        "nix2container": "nix2container",
        "nixpkgs": "nixpkgs_2",
        "rust-overlay": "rust-overlay"
      },
      "locked": {
        "lastModified": 1772709733,
        "narHash": "sha256-EcSan/F+IkIZ+ggVfVYtIM+iyq6zzck3O93aUDiwRr8=",
        "owner": "TraceMachina",
        "repo": "nativelink",
        "rev": "86b86e15e8dcc3936a07d22feb10d088dc9ad4ae",
        "type": "github"
      },
      "original": {
        "owner": "TraceMachina",
        "repo": "nativelink",
        "type": "github"
      }
    },
    "nimi": {
      "inputs": {
        "nix2container": "nix2container_2",
        "nixpkgs": [
          "sensenet",
          "nix2gpu",
          "nixpkgs"
        ]
      },
      "locked": {
        "lastModified": 1768238066,
        "narHash": "sha256-prTeXJ5KHTlYJU42e8NEw5frYER8NeGcWU2EqlZE1kA=",
        "owner": "weyl-ai",
        "repo": "nimi",
        "rev": "c1135f769558c7d3ae092cae9c1ee2812aa849ae",
        "type": "github"
      },
      "original": {
        "owner": "weyl-ai",
        "ref": "baileylu/minimize-flake",
        "repo": "nimi",
        "type": "github"
      }
    },
    "nix2container": {
      "inputs": {
        "flake-utils": "flake-utils",
        "nixpkgs": [
          "sensenet",
          "nativelink",
          "nixpkgs"
        ]
      },
      "locked": {
        "lastModified": 1729339656,
        "narHash": "sha256-smV7HQ/OqZeRguQxNjsb3uQDwm0p6zKDbSDbPCav/oY=",
        "owner": "nlewo",
        "repo": "nix2container",
        "rev": "cc96df7c3747c61c584d757cfc083922b4f4b33e",
        "type": "github"
      },
      "original": {
        "owner": "nlewo",
        "repo": "nix2container",
        "rev": "cc96df7c3747c61c584d757cfc083922b4f4b33e",
        "type": "github"
      }
    },
    "nix2container_2": {
      "inputs": {
        "nixpkgs": [
          "sensenet",
          "nix2gpu",
          "nimi",
          "nixpkgs"
        ]
      },
      "locked": {
        "lastModified": 1767430085,
        "narHash": "sha256-SiXJ6xv4pS2MDUqfj0/mmG746cGeJrMQGmoFgHLS25Y=",
        "owner": "nlewo",
        "repo": "nix2container",
        "rev": "66f4b8a47e92aa744ec43acbb5e9185078983909",
        "type": "github"
      },
      "original": {
        "owner": "nlewo",
        "repo": "nix2container",
        "type": "github"
      }
    },
    "nix2gpu": {
      "inputs": {
        "flake-parts": "flake-parts_4",
        "home-manager": "home-manager",
        "import-tree": "import-tree",
        "nimi": "nimi",
        "nix2container": [
          "sensenet",
          "nix2gpu",
          "nimi",
          "nix2container"
        ],
        "nixified-ai": "nixified-ai",
        "nixpkgs": [
          "sensenet",
          "nixpkgs"
        ],
        "systems": "systems_2",
        "treefmt-nix": "treefmt-nix"
      },
      "locked": {
        "lastModified": 1769165807,
        "narHash": "sha256-MALi0mpKiY9gzpzPzjedKrglqUaeS4p64XuHUnNqL+c=",
        "owner": "straylight-software",
        "repo": "nix2gpu",
        "rev": "c6391d52429db8ad38efb56d46bf691b11001438",
        "type": "github"
      },
      "original": {
        "owner": "straylight-software",
        "repo": "nix2gpu",
        "type": "github"
      }
    },
    "nixified-ai": {
      "inputs": {
        "flake-parts": [
          "sensenet",
          "nix2gpu",
          "flake-parts"
        ],
        "hercules-ci-effects": "hercules-ci-effects",
        "nixpkgs": [
          "sensenet",
          "nix2gpu",
          "nixpkgs"
        ]
      },
      "locked": {
        "lastModified": 1767843980,
        "narHash": "sha256-skl1BnMj8BkpFTFG0Ix+ejOU3dRAvHHBUhd/l7PhYVU=",
        "owner": "nixified-ai",
        "repo": "flake",
        "rev": "4a0e94067f863de3a2711d48651e499cb51f337e",
        "type": "github"
      },
      "original": {
        "owner": "nixified-ai",
        "repo": "flake",
        "type": "github"
      }
    },
    "nixpkgs": {
      "locked": {
        "lastModified": 1772173633,
        "narHash": "sha256-MOH58F4AIbCkh6qlQcwMycyk5SWvsqnS/TCfnqDlpj4=",
        "owner": "nixos",
        "repo": "nixpkgs",
        "rev": "c0f3d81a7ddbc2b1332be0d8481a672b4f6004d6",
        "type": "github"
      },
      "original": {
        "owner": "nixos",
        "ref": "nixpkgs-unstable",
        "repo": "nixpkgs",
        "type": "github"
      }
    },
    "nixpkgs-lib": {
      "locked": {
        "lastModified": 1769909678,
        "narHash": "sha256-cBEymOf4/o3FD5AZnzC3J9hLbiZ+QDT/KDuyHXVJOpM=",
        "owner": "nix-community",
        "repo": "nixpkgs.lib",
        "rev": "72716169fe93074c333e8d0173151350670b824c",
        "type": "github"
      },
      "original": {
        "owner": "nix-community",
        "repo": "nixpkgs.lib",
        "type": "github"
      }
    },
    "nixpkgs-lib_2": {
      "locked": {
        "lastModified": 1743296961,
        "narHash": "sha256-b1EdN3cULCqtorQ4QeWgLMrd5ZGOjLSLemfa00heasc=",
        "owner": "nix-community",
        "repo": "nixpkgs.lib",
        "rev": "e4822aea2a6d1cdd36653c134cacfd64c97ff4fa",
        "type": "github"
      },
      "original": {
        "owner": "nix-community",
        "repo": "nixpkgs.lib",
        "type": "github"
      }
    },
    "nixpkgs-lib_3": {
      "locked": {
        "lastModified": 1765674936,
        "narHash": "sha256-k00uTP4JNfmejrCLJOwdObYC9jHRrr/5M/a/8L2EIdo=",
        "owner": "nix-community",
        "repo": "nixpkgs.lib",
        "rev": "2075416fcb47225d9b68ac469a5c4801a9c4dd85",
        "type": "github"
      },
      "original": {
        "owner": "nix-community",
        "repo": "nixpkgs.lib",
        "type": "github"
      }
    },
    "nixpkgs-lib_4": {
      "locked": {
        "lastModified": 1765674936,
        "narHash": "sha256-k00uTP4JNfmejrCLJOwdObYC9jHRrr/5M/a/8L2EIdo=",
        "owner": "nix-community",
        "repo": "nixpkgs.lib",
        "rev": "2075416fcb47225d9b68ac469a5c4801a9c4dd85",
        "type": "github"
      },
      "original": {
        "owner": "nix-community",
        "repo": "nixpkgs.lib",
        "type": "github"
      }
    },
    "nixpkgs_2": {
      "locked": {
        "lastModified": 1747852984,
        "narHash": "sha256-q2PmaOxyR3zqOF54a3E1Cj1gh0sDu8APX9b+OkX4J5s=",
        "owner": "NixOS",
        "repo": "nixpkgs",
        "rev": "8c441601c43232976179eac52dde704c8bdf81ed",
        "type": "github"
      },
      "original": {
        "owner": "NixOS",
        "ref": "nixos-unstable",
        "repo": "nixpkgs",
        "type": "github"
      }
    },
    "nixpkgs_3": {
      "locked": {
        "lastModified": 1767364772,
        "narHash": "sha256-fFUnEYMla8b7UKjijLnMe+oVFOz6HjijGGNS1l7dYaQ=",
        "owner": "nixos",
        "repo": "nixpkgs",
        "rev": "16c7794d0a28b5a37904d55bcca36003b9109aaa",
        "type": "github"
      },
      "original": {
        "owner": "nixos",
        "ref": "nixpkgs-unstable",
        "repo": "nixpkgs",
        "type": "github"
      }
    },
    "nvidia-sdk": {
      "inputs": {
        "agenix": "agenix",
        "flake-parts": "flake-parts_6",
        "llvm-project": [
          "sensenet",
          "llvm-project"
        ],
        "nixpkgs": [
          "sensenet",
          "nixpkgs"
        ]
      },
      "locked": {
        "lastModified": 1770980515,
        "narHash": "sha256-AnSPNpHQ/KInFmJTkJBo0n/h15k/KaGAOY60DSl0Xdg=",
        "ref": "dev",
        "rev": "cba87c785102f54e3fb5881b44fdf17e2fecfd6b",
        "revCount": 2,
        "type": "git",
        "url": "ssh://git@github.com/straylight-software/nvidia-sdk.git"
      },
      "original": {
        "ref": "dev",
        "type": "git",
        "url": "ssh://git@github.com/straylight-software/nvidia-sdk.git"
      }
    },
    "purescript-overlay": {
      "inputs": {
        "flake-compat": "flake-compat_2",
        "nixpkgs": [
          "sensenet",
          "nixpkgs"
        ]
      },
      "locked": {
        "lastModified": 1769971816,
        "narHash": "sha256-6WdiHwc7cM07ttMh3JQslHzmwL9+RaDvf2OwZ0bsWu0=",
        "owner": "thomashoneyman",
        "repo": "purescript-overlay",
        "rev": "af71d25ea276b03c46e79cf6ef59edd0a938dfd3",
        "type": "github"
      },
      "original": {
        "owner": "thomashoneyman",
        "repo": "purescript-overlay",
        "type": "github"
      }
    },
    "root": {
      "inputs": {
        "flake-parts": "flake-parts",
        "haskemathesis": "haskemathesis",
        "nixpkgs": "nixpkgs",
        "sensenet": "sensenet",
        "treefmt-nix": "treefmt-nix_3",
        "weapon": "weapon"
      }
    },
    "rust-overlay": {
      "inputs": {
        "nixpkgs": [
          "sensenet",
          "nativelink",
          "nixpkgs"
        ]
      },
      "locked": {
        "lastModified": 1747795013,
        "narHash": "sha256-c7i0xJ+xFhgjO9SWHYu5dF/7lq63RPDvwKAdjc6VCE4=",
        "owner": "oxalica",
        "repo": "rust-overlay",
        "rev": "6b1cf12374361859242a562e1933a7930649131a",
        "type": "github"
      },
      "original": {
        "owner": "oxalica",
        "repo": "rust-overlay",
        "type": "github"
      }
    },
    "rust-overlay_2": {
      "inputs": {
        "nixpkgs": [
          "sensenet",
          "nixpkgs"
        ]
      },
      "locked": {
        "lastModified": 1771211437,
        "narHash": "sha256-lcNK438i4DGtyA+bPXXyVLHVmJjYpVKmpux9WASa3ro=",
        "owner": "oxalica",
        "repo": "rust-overlay",
        "rev": "c62195b3d6e1bb11e0c2fb2a494117d3b55d410f",
        "type": "github"
      },
      "original": {
        "owner": "oxalica",
        "repo": "rust-overlay",
        "type": "github"
      }
    },
    "sensenet": {
      "inputs": {
        "buck2-prelude": "buck2-prelude",
        "crane": "crane",
        "flake-parts": [
          "flake-parts"
        ],
        "ghc-source-gen-src": "ghc-source-gen-src",
        "llvm-project": "llvm-project",
        "nativelink": "nativelink",
        "nix2gpu": "nix2gpu",
        "nixpkgs": [
          "nixpkgs"
        ],
        "nvidia-sdk": "nvidia-sdk",
        "purescript-overlay": "purescript-overlay",
        "rust-overlay": "rust-overlay_2",
        "systems": "systems_4",
        "treefmt-nix": "treefmt-nix_2"
      },
      "locked": {
        "lastModified": 1772790316,
        "narHash": "sha256-rBo48FGn2t0nh6Dtb28ui06+3UFPXsq8LUg1AMb7TU8=",
        "ref": "feat/nativelink-isa-gcp",
        "rev": "1fa98222f13e7d2576cef3bc4c788f42dbf23779",
        "revCount": 60,
        "type": "git",
        "url": "ssh://git@github.com/straylight-software/sensenet"
      },
      "original": {
        "ref": "feat/nativelink-isa-gcp",
        "type": "git",
        "url": "ssh://git@github.com/straylight-software/sensenet"
      }
    },
    "systems": {
      "locked": {
        "lastModified": 1681028828,
        "narHash": "sha256-Vy1rq5AaRuLzOxct8nz4T6wlgyUR7zLU309k9mBC768=",
        "owner": "nix-systems",
        "repo": "default",
        "rev": "da67096a3b9bf56a91d16901293e51ba5b49a27e",
        "type": "github"
      },
      "original": {
        "owner": "nix-systems",
        "repo": "default",
        "type": "github"
      }
    },
    "systems_2": {
      "locked": {
        "lastModified": 1680978846,
        "narHash": "sha256-Gtqg8b/v49BFDpDetjclCYXm8mAnTrUzR0JnE2nv5aw=",
        "owner": "nix-systems",
        "repo": "x86_64-linux",
        "rev": "2ecfcac5e15790ba6ce360ceccddb15ad16d08a8",
        "type": "github"
      },
      "original": {
        "owner": "nix-systems",
        "repo": "x86_64-linux",
        "type": "github"
      }
    },
    "systems_3": {
      "locked": {
        "lastModified": 1681028828,
        "narHash": "sha256-Vy1rq5AaRuLzOxct8nz4T6wlgyUR7zLU309k9mBC768=",
        "owner": "nix-systems",
        "repo": "default",
        "rev": "da67096a3b9bf56a91d16901293e51ba5b49a27e",
        "type": "github"
      },
      "original": {
        "owner": "nix-systems",
        "repo": "default",
        "type": "github"
      }
    },
    "systems_4": {
      "locked": {
        "lastModified": 1681028828,
        "narHash": "sha256-Vy1rq5AaRuLzOxct8nz4T6wlgyUR7zLU309k9mBC768=",
        "owner": "nix-systems",
        "repo": "default",
        "rev": "da67096a3b9bf56a91d16901293e51ba5b49a27e",
        "type": "github"
      },
      "original": {
        "owner": "nix-systems",
        "repo": "default",
        "type": "github"
      }
    },
    "treefmt-nix": {
      "inputs": {
        "nixpkgs": [
          "sensenet",
          "nix2gpu",
          "nixpkgs"
        ]
      },
      "locked": {
        "lastModified": 1768158989,
        "narHash": "sha256-67vyT1+xClLldnumAzCTBvU0jLZ1YBcf4vANRWP3+Ak=",
        "owner": "numtide",
        "repo": "treefmt-nix",
        "rev": "e96d59dff5c0d7fddb9d113ba108f03c3ef99eca",
        "type": "github"
      },
      "original": {
        "owner": "numtide",
        "repo": "treefmt-nix",
        "type": "github"
      }
    },
    "treefmt-nix_2": {
      "inputs": {
        "nixpkgs": "nixpkgs_3"
      },
      "locked": {
        "lastModified": 1769691507,
        "narHash": "sha256-8aAYwyVzSSwIhP2glDhw/G0i5+wOrren3v6WmxkVonM=",
        "owner": "numtide",
        "repo": "treefmt-nix",
        "rev": "28b19c5844cc6e2257801d43f2772a4b4c050a1b",
        "type": "github"
      },
      "original": {
        "owner": "numtide",
        "repo": "treefmt-nix",
        "type": "github"
      }
    },
    "treefmt-nix_3": {
      "inputs": {
        "nixpkgs": [
          "nixpkgs"
        ]
      },
      "locked": {
        "lastModified": 1770228511,
        "narHash": "sha256-wQ6NJSuFqAEmIg2VMnLdCnUc0b7vslUohqqGGD+Fyxk=",
        "owner": "numtide",
        "repo": "treefmt-nix",
        "rev": "337a4fe074be1042a35086f15481d763b8ddc0e7",
        "type": "github"
      },
      "original": {
        "owner": "numtide",
        "repo": "treefmt-nix",
        "type": "github"
      }
    },
    "weapon": {
      "inputs": {
        "nixpkgs": [
          "nixpkgs"
        ]
      },
      "locked": {
        "lastModified": 1772667767,
        "narHash": "sha256-eVqqbCYk9NzsHxrUeQUotbxHl48mPWdLT+PbGjk0MQg=",
        "ref": "refs/heads/dev",
        "rev": "8446e102e8244de757cb24101e35e7b09d33caad",
        "revCount": 9291,
        "type": "git",
        "url": "ssh://git@github.com/straylight-software/weapon.git"
      },
      "original": {
        "type": "git",
        "url": "ssh://git@github.com/straylight-software/weapon.git"
      }
    }
  },
  "root": "root",
  "version": 7
}
