{
  "nodes": {
    "falsify": {
      "flake": false,
      "locked": {
        "lastModified": 1772028823,
        "narHash": "sha256-ldDV3bwLOyKqFdtHs8es+OdfA9vCsaKWURP8bei1L9k=",
        "owner": "straylight-software",
        "repo": "falsify",
        "rev": "47c81bde2cfb198f5b1e946bc782cdf4e456b5da",
        "type": "github"
      },
      "original": {
        "owner": "straylight-software",
        "ref": "more-runners",
        "repo": "falsify",
        "type": "github"
      }
    },
    "flake-parts": {
      "inputs": {
        "nixpkgs-lib": [
          "nixpkgs"
        ]
      },
      "locked": {
        "lastModified": 1769996383,
        "narHash": "sha256-AnYjnFWgS49RlqX7LrC4uA+sCCDBj0Ry/WOJ5XWAsa0=",
        "owner": "hercules-ci",
        "repo": "flake-parts",
        "rev": "57928607ea566b5db3ad13af0e57e921e6b12381",
        "type": "github"
      },
      "original": {
        "owner": "hercules-ci",
        "repo": "flake-parts",
        "type": "github"
      }
    },
    "haskell-flake": {
      "locked": {
        "lastModified": 1771200453,
        "narHash": "sha256-uJdc/H/ldyybwD/2OgIEOa/F1G1sJHj/SPH6WzCrrR4=",
        "owner": "srid",
        "repo": "haskell-flake",
        "rev": "ce5c692d7550956bd27e42a8d101abca161d94d4",
        "type": "github"
      },
      "original": {
        "owner": "srid",
        "repo": "haskell-flake",
        "type": "github"
      }
    },
    "haskemathesis": {
      "inputs": {
        "falsify": "falsify",
        "flake-parts": [
          "flake-parts"
        ],
        "haskell-flake": "haskell-flake",
        "nixpkgs": [
          "nixpkgs"
        ],
        "treefmt-nix": [
          "treefmt-nix"
        ]
      },
      "locked": {
        "lastModified": 1772392276,
        "narHash": "sha256-AHhkspXsWSakQmtRgG6/OO9G5U75c+Cjb6Wmn+ybdiw=",
        "ref": "executor-io-api",
        "rev": "0685d29c009b4642127a4a4d4152f6cb9b58a485",
        "revCount": 67,
        "type": "git",
        "url": "ssh://git@github.com/straylight-software/haskemathesis.git"
      },
      "original": {
        "ref": "executor-io-api",
        "type": "git",
        "url": "ssh://git@github.com/straylight-software/haskemathesis.git"
      }
    },
    "nixpkgs": {
      "locked": {
        "lastModified": 1771923393,
        "narHash": "sha256-Fy0+UXELv9hOE8WjYhJt8fMDLYTU2Dqn3cX4BwoGBos=",
        "owner": "nixos",
        "repo": "nixpkgs",
        "rev": "ea7f1f06811ce7fcc81d6c6fd4213150c23edcf2",
        "type": "github"
      },
      "original": {
        "owner": "nixos",
        "ref": "nixpkgs-unstable",
        "repo": "nixpkgs",
        "type": "github"
      }
    },
    "root": {
      "inputs": {
        "flake-parts": "flake-parts",
        "haskemathesis": "haskemathesis",
        "nixpkgs": "nixpkgs",
        "treefmt-nix": "treefmt-nix",
        "weapon": "weapon"
      }
    },
    "treefmt-nix": {
      "inputs": {
        "nixpkgs": [
          "nixpkgs"
        ]
      },
      "locked": {
        "lastModified": 1770228511,
        "narHash": "sha256-wQ6NJSuFqAEmIg2VMnLdCnUc0b7vslUohqqGGD+Fyxk=",
        "owner": "numtide",
        "repo": "treefmt-nix",
        "rev": "337a4fe074be1042a35086f15481d763b8ddc0e7",
        "type": "github"
      },
      "original": {
        "owner": "numtide",
        "repo": "treefmt-nix",
        "type": "github"
      }
    },
    "weapon": {
      "inputs": {
        "nixpkgs": [
          "nixpkgs"
        ]
      },
      "locked": {
        "lastModified": 1772065460,
        "narHash": "sha256-Mt4Cghle8mCxdbymsGaXBtQqgXJWcqv6C0nH3U25vBk=",
        "ref": "refs/heads/dev",
        "rev": "b8db21be69071d3cb67b0bce81b8f2db1cd13eac",
        "revCount": 9290,
        "type": "git",
        "url": "ssh://git@github.com/straylight-software/weapon.git"
      },
      "original": {
        "type": "git",
        "url": "ssh://git@github.com/straylight-software/weapon.git"
      }
    }
  },
  "root": "root",
  "version": 7
}
